
Microsoft Visual Studio Solution File, Format Version 12.00
# Visual Studio Version 17
VisualStudioVersion = 17.5.33516.290
MinimumVisualStudioVersion = 10.0.40219.1
Project("{FAE04EC0-301F-11D3-BF4B-00C04F79EFBC}") = "SingletonApp", "SingletonApp\SingletonApp.csproj", "{5446B308-EDEA-418A-9B75-1CB279BD2224}"
EndProject
Global
	GlobalSection(SolutionConfigurationPlatforms) = preSolution
		Debug|Any CPU = Debug|Any CPU
		Release|Any CPU = Release|Any CPU
	EndGlobalSection
	GlobalSection(ProjectConfigurationPlatforms) = postSolution
		{5446B308-EDEA-418A-9B75-1CB279BD2224}.Debug|Any CPU.ActiveCfg = Debug|Any CPU
		{5446B308-EDEA-418A-9B75-1CB279BD2224}.Debug|Any CPU.Build.0 = Debug|Any CPU
		{5446B308-EDEA-418A-9B75-1CB279BD2224}.Release|Any CPU.ActiveCfg = Release|Any CPU
		{5446B308-EDEA-418A-9B75-1CB279BD2224}.Release|Any CPU.Build.0 = Release|Any CPU
	EndGlobalSection
	GlobalSection(SolutionProperties) = preSolution
		HideSolutionNode = FALSE
	EndGlobalSection
	GlobalSection(ExtensibilityGlobals) = postSolution
		SolutionGuid = {D1F0CBE8-0708-4056-AD2A-6B52D7BEBD65}
	EndGlobalSection
EndGlobal
